
Microsoft Visual Studio Solution File, Format Version 12.00
# Visual Studio Version 16
VisualStudioVersion = 16.0.28803.202
MinimumVisualStudioVersion = 10.0.40219.1
Project("{FAE04EC0-301F-11D3-BF4B-00C04F79EFBC}") = "Runner", "ConsoleApp1\Runner.csproj", "{04E888B4-604A-40F8-BC6C-9C4443DDE5D0}"
EndProject
Global
	GlobalSection(SolutionConfigurationPlatforms) = preSolution
		Debug|Any CPU = Debug|Any CPU
		Release|Any CPU = Release|Any CPU
	EndGlobalSection
	GlobalSection(ProjectConfigurationPlatforms) = postSolution
		{04E888B4-604A-40F8-BC6C-9C4443DDE5D0}.Debug|Any CPU.ActiveCfg = Debug|Any CPU
		{04E888B4-604A-40F8-BC6C-9C4443DDE5D0}.Debug|Any CPU.Build.0 = Debug|Any CPU
		{04E888B4-604A-40F8-BC6C-9C4443DDE5D0}.Release|Any CPU.ActiveCfg = Release|Any CPU
		{04E888B4-604A-40F8-BC6C-9C4443DDE5D0}.Release|Any CPU.Build.0 = Release|Any CPU
	EndGlobalSection
	GlobalSection(SolutionProperties) = preSolution
		HideSolutionNode = FALSE
	EndGlobalSection
	GlobalSection(ExtensibilityGlobals) = postSolution
		SolutionGuid = {47D75DAC-39C2-4250-94E0-D6B8569729D8}
	EndGlobalSection
EndGlobal
